
Microsoft Visual Studio Solution File, Format Version 12.00
# Visual Studio 2013
VisualStudioVersion = 12.0.30501.0
MinimumVisualStudioVersion = 10.0.40219.1
Project("{8BC9CEB8-8B4A-11D0-8D11-00A0C91BC942}") = "ManicFootball", "ManicFootball\ManicFootball.vcxproj", "{168D227B-5233-44C1-A11A-C689F8A2A4D2}"
EndProject
Global
	GlobalSection(SolutionConfigurationPlatforms) = preSolution
		Debug|Win32 = Debug|Win32
		Release|Win32 = Release|Win32
	EndGlobalSection
	GlobalSection(ProjectConfigurationPlatforms) = postSolution
		{168D227B-5233-44C1-A11A-C689F8A2A4D2}.Debug|Win32.ActiveCfg = Debug|Win32
		{168D227B-5233-44C1-A11A-C689F8A2A4D2}.Debug|Win32.Build.0 = Debug|Win32
		{168D227B-5233-44C1-A11A-C689F8A2A4D2}.Release|Win32.ActiveCfg = Release|Win32
		{168D227B-5233-44C1-A11A-C689F8A2A4D2}.Release|Win32.Build.0 = Release|Win32
	EndGlobalSection
	GlobalSection(SolutionProperties) = preSolution
		HideSolutionNode = FALSE
	EndGlobalSection
EndGlobal
