<?xml version="1.0" encoding="utf-8"?>
<Project ToolsVersion="4.0" xmlns="http://schemas.microsoft.com/developer/msbuild/2003">
  <ItemGroup>
    <Filter Include="Source Files">
      <UniqueIdentifier>{4FC737F1-C7A5-4376-A066-2A32D752A2FF}</UniqueIdentifier>
      <Extensions>cpp;c;cc;cxx;def;odl;idl;hpj;bat;asm;asmx</Extensions>
    </Filter>
    <Filter Include="Header Files">
      <UniqueIdentifier>{93995380-89BD-4b04-88EB-625FBE52EBFB}</UniqueIdentifier>
      <Extensions>h;hh;hpp;hxx;hm;inl;inc;xsd</Extensions>
    </Filter>
    <Filter Include="Resource Files">
      <UniqueIdentifier>{67DA6AB6-F800-4c08-8B7A-83BB121AAD01}</UniqueIdentifier>
      <Extensions>rc;ico;cur;bmp;dlg;rc2;rct;bin;rgs;gif;jpg;jpeg;jpe;resx;tiff;tif;png;wav;mfcribbon-ms</Extensions>
    </Filter>
    <Filter Include="Framework">
      <UniqueIdentifier>{78bbf952-8c7a-4463-b685-edf65dcbff94}</UniqueIdentifier>
    </Filter>
    <Filter Include="Framework\States">
      <UniqueIdentifier>{d775307f-3d13-420d-adf5-bbfe9471f344}</UniqueIdentifier>
    </Filter>
    <Filter Include="Framework\Physics">
      <UniqueIdentifier>{1b50bcf4-69d7-4c81-a467-c04b599ada73}</UniqueIdentifier>
    </Filter>
    <Filter Include="Framework\Physics\Bodies">
      <UniqueIdentifier>{6d3a8597-7b6b-41f7-b9bd-3d4fb275febe}</UniqueIdentifier>
    </Filter>
    <Filter Include="Framework\Network">
      <UniqueIdentifier>{4d63f06a-4434-48de-88f3-253cb8b7ab77}</UniqueIdentifier>
    </Filter>
  </ItemGroup>
  <ItemGroup>
    <ClCompile Include="init_state.cpp">
      <Filter>Framework\States</Filter>
    </ClCompile>
    <ClCompile Include="menu_state.cpp">
      <Filter>Framework\States</Filter>
    </ClCompile>
    <ClCompile Include="state.cpp">
      <Filter>Framework\States</Filter>
    </ClCompile>
    <ClCompile Include="start_state.cpp">
      <Filter>Framework\States</Filter>
    </ClCompile>
    <ClCompile Include="game_object.cpp">
      <Filter>Framework</Filter>
    </ClCompile>
    <ClCompile Include="static_body.cpp">
      <Filter>Framework\Physics\Bodies</Filter>
    </ClCompile>
    <ClCompile Include="dynamic_body_rectangle.cpp">
      <Filter>Framework\Physics\Bodies</Filter>
    </ClCompile>
    <ClCompile Include="dynamic_body_circle.cpp">
      <Filter>Framework\Physics\Bodies</Filter>
    </ClCompile>
    <ClCompile Include="player.cpp">
      <Filter>Framework</Filter>
    </ClCompile>
    <ClCompile Include="client.cpp">
      <Filter>Source Files</Filter>
    </ClCompile>
    <ClCompile Include="level.cpp">
      <Filter>Framework</Filter>
    </ClCompile>
    <ClCompile Include="game.cpp">
      <Filter>Framework</Filter>
    </ClCompile>
    <ClCompile Include="level_state.cpp">
      <Filter>Framework\States</Filter>
    </ClCompile>
    <ClCompile Include="sensor.cpp">
      <Filter>Framework\Physics\Bodies</Filter>
    </ClCompile>
    <ClCompile Include="end_match_state.cpp">
      <Filter>Framework\States</Filter>
    </ClCompile>
    <ClCompile Include="network.cpp">
      <Filter>Framework\Network</Filter>
    </ClCompile>
    <ClCompile Include="connection.cpp">
      <Filter>Framework\Network</Filter>
    </ClCompile>
    <ClCompile Include="network_handler.cpp">
      <Filter>Framework\Network</Filter>
    </ClCompile>
  </ItemGroup>
  <ItemGroup>
    <ClInclude Include="init_state.h">
      <Filter>Framework\States</Filter>
    </ClInclude>
    <ClInclude Include="menu_state.h">
      <Filter>Framework\States</Filter>
    </ClInclude>
    <ClInclude Include="state.h">
      <Filter>Framework\States</Filter>
    </ClInclude>
    <ClInclude Include="start_state.h">
      <Filter>Framework\States</Filter>
    </ClInclude>
    <ClInclude Include="game_object.h">
      <Filter>Framework</Filter>
    </ClInclude>
    <ClInclude Include="object_id.h">
      <Filter>Framework</Filter>
    </ClInclude>
    <ClInclude Include="static_body.h">
      <Filter>Framework\Physics\Bodies</Filter>
    </ClInclude>
    <ClInclude Include="dynamic_body_rectangle.h">
      <Filter>Framework\Physics\Bodies</Filter>
    </ClInclude>
    <ClInclude Include="dynamic_body_circle.h">
      <Filter>Framework\Physics\Bodies</Filter>
    </ClInclude>
    <ClInclude Include="player.h">
      <Filter>Framework</Filter>
    </ClInclude>
    <ClInclude Include="level.h">
      <Filter>Framework</Filter>
    </ClInclude>
    <ClInclude Include="game.h">
      <Filter>Framework</Filter>
    </ClInclude>
    <ClInclude Include="level_state.h">
      <Filter>Framework\States</Filter>
    </ClInclude>
    <ClInclude Include="sensor.h">
      <Filter>Framework\Physics\Bodies</Filter>
    </ClInclude>
    <ClInclude Include="category.h">
      <Filter>Framework</Filter>
    </ClInclude>
    <ClInclude Include="box2d_conversions.h">
      <Filter>Framework\Physics</Filter>
    </ClInclude>
    <ClInclude Include="end_match_state.h">
      <Filter>Framework\States</Filter>
    </ClInclude>
    <ClInclude Include="network.h">
      <Filter>Framework\Network</Filter>
    </ClInclude>
    <ClInclude Include="utilities.h">
      <Filter>Framework\Network</Filter>
    </ClInclude>
    <ClInclude Include="connection.h">
      <Filter>Framework\Network</Filter>
    </ClInclude>
    <ClInclude Include="network_handler.h">
      <Filter>Framework\Network</Filter>
    </ClInclude>
    <ClInclude Include="messages.h">
      <Filter>Framework\Network</Filter>
    </ClInclude>
  </ItemGroup>
</Project>